
Microsoft Visual Studio Solution File, Format Version 12.00
# Visual Studio Version 17
VisualStudioVersion = 17.5.002.0
MinimumVisualStudioVersion = 10.0.40219.1
Project("{9A19103F-16F7-4668-BE54-9A1E7A4F7556}") = ".net_MongoDB", ".net_MongoDB.csproj", "{4C8EF592-E94B-4D48-BA7A-DE4CA728C739}"
EndProject
Global
	GlobalSection(SolutionConfigurationPlatforms) = preSolution
		Debug|Any CPU = Debug|Any CPU
		Release|Any CPU = Release|Any CPU
	EndGlobalSection
	GlobalSection(ProjectConfigurationPlatforms) = postSolution
		{4C8EF592-E94B-4D48-BA7A-DE4CA728C739}.Debug|Any CPU.ActiveCfg = Debug|Any CPU
		{4C8EF592-E94B-4D48-BA7A-DE4CA728C739}.Debug|Any CPU.Build.0 = Debug|Any CPU
		{4C8EF592-E94B-4D48-BA7A-DE4CA728C739}.Release|Any CPU.ActiveCfg = Release|Any CPU
		{4C8EF592-E94B-4D48-BA7A-DE4CA728C739}.Release|Any CPU.Build.0 = Release|Any CPU
	EndGlobalSection
	GlobalSection(SolutionProperties) = preSolution
		HideSolutionNode = FALSE
	EndGlobalSection
	GlobalSection(ExtensibilityGlobals) = postSolution
		SolutionGuid = {79A58F5B-ABA6-4482-8B98-53904C664785}
	EndGlobalSection
EndGlobal
